// !$*UTF8*$!
{
	archiveVersion = 1;
	classes = {
	};
	objectVersion = 51;
	objects = {

/* Begin PBXBuildFile section */
		17152C5323976FDF00EAE6B7 /* filter.xib in Resources */ = {isa = PBXBuildFile; fileRef = 17152C5223976FDF00EAE6B7 /* filter.xib */; };
		17152C5523976FF800EAE6B7 /* filter.swift in Sources */ = {isa = PBXBuildFile; fileRef = 17152C5423976FF800EAE6B7 /* filter.swift */; };
		175469072396268D001A43A9 /* AppDelegate.swift in Sources */ = {isa = PBXBuildFile; fileRef = 175469062396268D001A43A9 /* AppDelegate.swift */; };
		175469092396268D001A43A9 /* ViewController.swift in Sources */ = {isa = PBXBuildFile; fileRef = 175469082396268D001A43A9 /* ViewController.swift */; };
		1754690C2396268D001A43A9 /* Main.storyboard in Resources */ = {isa = PBXBuildFile; fileRef = 1754690A2396268D001A43A9 /* Main.storyboard */; };
		1754690E2396268E001A43A9 /* Assets.xcassets in Resources */ = {isa = PBXBuildFile; fileRef = 1754690D2396268E001A43A9 /* Assets.xcassets */; };
		175469112396268E001A43A9 /* LaunchScreen.storyboard in Resources */ = {isa = PBXBuildFile; fileRef = 1754690F2396268E001A43A9 /* LaunchScreen.storyboard */; };
		17E3F998239628E1007DF243 /* gnome.swift in Sources */ = {isa = PBXBuildFile; fileRef = 17E3F997239628E1007DF243 /* gnome.swift */; };
		17E3F99B239629E3007DF243 /* api.swift in Sources */ = {isa = PBXBuildFile; fileRef = 17E3F99A239629E3007DF243 /* api.swift */; };
		17E3F99E23963216007DF243 /* extensionDictionary.swift in Sources */ = {isa = PBXBuildFile; fileRef = 17E3F99D23963216007DF243 /* extensionDictionary.swift */; };
		4F8F93E257DEAF98835AAC2F /* Pods_kavakExercise.framework in Frameworks */ = {isa = PBXBuildFile; fileRef = 578279A0FA59045B95CD71EC /* Pods_kavakExercise.framework */; };
		D42CC16923972F8400A2E498 /* professionTableViewCell.swift in Sources */ = {isa = PBXBuildFile; fileRef = D42CC16823972F8400A2E498 /* professionTableViewCell.swift */; };
		D42CC16B2397307800A2E498 /* extensionUIView.swift in Sources */ = {isa = PBXBuildFile; fileRef = D42CC16A2397307800A2E498 /* extensionUIView.swift */; };
		D42CC16D239737AA00A2E498 /* apiNames.swift in Sources */ = {isa = PBXBuildFile; fileRef = D42CC16C239737AA00A2E498 /* apiNames.swift */; };
		D42CC16F23973EBD00A2E498 /* infoTableViewCell.swift in Sources */ = {isa = PBXBuildFile; fileRef = D42CC16E23973EBD00A2E498 /* infoTableViewCell.swift */; };
		D42CC17123973F4F00A2E498 /* friendsTableViewCell.swift in Sources */ = {isa = PBXBuildFile; fileRef = D42CC17023973F4F00A2E498 /* friendsTableViewCell.swift */; };
		D4661E142396F2BB00B7502A /* customLayout.swift in Sources */ = {isa = PBXBuildFile; fileRef = D4661E132396F2BB00B7502A /* customLayout.swift */; };
		D481DB0323970C390020744C /* infoGnomeViewController.swift in Sources */ = {isa = PBXBuildFile; fileRef = D481DB0223970C390020744C /* infoGnomeViewController.swift */; };
		D48CB9C923971061009D7AAA /* segmentControl.swift in Sources */ = {isa = PBXBuildFile; fileRef = D48CB9C823971061009D7AAA /* segmentControl.swift */; };
		D48CB9CE239718A5009D7AAA /* professionsTableViewController.swift in Sources */ = {isa = PBXBuildFile; fileRef = D48CB9CD239718A5009D7AAA /* professionsTableViewController.swift */; };
		D48CB9D0239718B1009D7AAA /* infoTableViewController.swift in Sources */ = {isa = PBXBuildFile; fileRef = D48CB9CF239718B1009D7AAA /* infoTableViewController.swift */; };
		D48CB9D2239718BF009D7AAA /* friendsTableViewController.swift in Sources */ = {isa = PBXBuildFile; fileRef = D48CB9D1239718BF009D7AAA /* friendsTableViewController.swift */; };
		D4B2505D2396F9A700392D85 /* gnomeCollectionViewCell.swift in Sources */ = {isa = PBXBuildFile; fileRef = D4B2505C2396F9A700392D85 /* gnomeCollectionViewCell.swift */; };
		D4C2FAA623980B3600A403CC /* mainViewController.swift in Sources */ = {isa = PBXBuildFile; fileRef = D4C2FAA523980B3600A403CC /* mainViewController.swift */; };
		D4C2FAA9239815BB00A403CC /* buttonStyleBorder.swift in Sources */ = {isa = PBXBuildFile; fileRef = D4C2FAA8239815BB00A403CC /* buttonStyleBorder.swift */; };
		D4C2FAAB23981C2D00A403CC /* extensionUIViewController.swift in Sources */ = {isa = PBXBuildFile; fileRef = D4C2FAAA23981C2D00A403CC /* extensionUIViewController.swift */; };
/* End PBXBuildFile section */

/* Begin PBXFileReference section */
		16E758B4FE47FC925464DC5B /* Pods-kavakExercise.release.xcconfig */ = {isa = PBXFileReference; includeInIndex = 1; lastKnownFileType = text.xcconfig; name = "Pods-kavakExercise.release.xcconfig"; path = "Target Support Files/Pods-kavakExercise/Pods-kavakExercise.release.xcconfig"; sourceTree = "<group>"; };
		17152C5223976FDF00EAE6B7 /* filter.xib */ = {isa = PBXFileReference; lastKnownFileType = file.xib; path = filter.xib; sourceTree = "<group>"; };
		17152C5423976FF800EAE6B7 /* filter.swift */ = {isa = PBXFileReference; lastKnownFileType = sourcecode.swift; path = filter.swift; sourceTree = "<group>"; };
		175469032396268D001A43A9 /* kavakExercise.app */ = {isa = PBXFileReference; explicitFileType = wrapper.application; includeInIndex = 0; path = kavakExercise.app; sourceTree = BUILT_PRODUCTS_DIR; };
		175469062396268D001A43A9 /* AppDelegate.swift */ = {isa = PBXFileReference; lastKnownFileType = sourcecode.swift; path = AppDelegate.swift; sourceTree = "<group>"; };
		175469082396268D001A43A9 /* ViewController.swift */ = {isa = PBXFileReference; lastKnownFileType = sourcecode.swift; path = ViewController.swift; sourceTree = "<group>"; };
		1754690B2396268D001A43A9 /* Base */ = {isa = PBXFileReference; lastKnownFileType = file.storyboard; name = Base; path = Base.lproj/Main.storyboard; sourceTree = "<group>"; };
		1754690D2396268E001A43A9 /* Assets.xcassets */ = {isa = PBXFileReference; lastKnownFileType = folder.assetcatalog; path = Assets.xcassets; sourceTree = "<group>"; };
		175469102396268E001A43A9 /* Base */ = {isa = PBXFileReference; lastKnownFileType = file.storyboard; name = Base; path = Base.lproj/LaunchScreen.storyboard; sourceTree = "<group>"; };
		175469122396268E001A43A9 /* Info.plist */ = {isa = PBXFileReference; lastKnownFileType = text.plist.xml; path = Info.plist; sourceTree = "<group>"; };
		17E3F997239628E1007DF243 /* gnome.swift */ = {isa = PBXFileReference; lastKnownFileType = sourcecode.swift; path = gnome.swift; sourceTree = "<group>"; };
		17E3F99A239629E3007DF243 /* api.swift */ = {isa = PBXFileReference; lastKnownFileType = sourcecode.swift; path = api.swift; sourceTree = "<group>"; };
		17E3F99D23963216007DF243 /* extensionDictionary.swift */ = {isa = PBXFileReference; lastKnownFileType = sourcecode.swift; path = extensionDictionary.swift; sourceTree = "<group>"; };
		36E54F1EC1C8534CFD523064 /* Pods-kavakExercise.debug.xcconfig */ = {isa = PBXFileReference; includeInIndex = 1; lastKnownFileType = text.xcconfig; name = "Pods-kavakExercise.debug.xcconfig"; path = "Target Support Files/Pods-kavakExercise/Pods-kavakExercise.debug.xcconfig"; sourceTree = "<group>"; };
		578279A0FA59045B95CD71EC /* Pods_kavakExercise.framework */ = {isa = PBXFileReference; explicitFileType = wrapper.framework; includeInIndex = 0; path = Pods_kavakExercise.framework; sourceTree = BUILT_PRODUCTS_DIR; };
		D42CC16823972F8400A2E498 /* professionTableViewCell.swift */ = {isa = PBXFileReference; lastKnownFileType = sourcecode.swift; path = professionTableViewCell.swift; sourceTree = "<group>"; };
		D42CC16A2397307800A2E498 /* extensionUIView.swift */ = {isa = PBXFileReference; lastKnownFileType = sourcecode.swift; path = extensionUIView.swift; sourceTree = "<group>"; };
		D42CC16C239737AA00A2E498 /* apiNames.swift */ = {isa = PBXFileReference; lastKnownFileType = sourcecode.swift; path = apiNames.swift; sourceTree = "<group>"; };
		D42CC16E23973EBD00A2E498 /* infoTableViewCell.swift */ = {isa = PBXFileReference; lastKnownFileType = sourcecode.swift; path = infoTableViewCell.swift; sourceTree = "<group>"; };
		D42CC17023973F4F00A2E498 /* friendsTableViewCell.swift */ = {isa = PBXFileReference; lastKnownFileType = sourcecode.swift; path = friendsTableViewCell.swift; sourceTree = "<group>"; };
		D4661E132396F2BB00B7502A /* customLayout.swift */ = {isa = PBXFileReference; fileEncoding = 4; lastKnownFileType = sourcecode.swift; path = customLayout.swift; sourceTree = "<group>"; };
		D481DB0223970C390020744C /* infoGnomeViewController.swift */ = {isa = PBXFileReference; lastKnownFileType = sourcecode.swift; path = infoGnomeViewController.swift; sourceTree = "<group>"; };
		D48CB9C823971061009D7AAA /* segmentControl.swift */ = {isa = PBXFileReference; lastKnownFileType = sourcecode.swift; path = segmentControl.swift; sourceTree = "<group>"; };
		D48CB9CD239718A5009D7AAA /* professionsTableViewController.swift */ = {isa = PBXFileReference; lastKnownFileType = sourcecode.swift; path = professionsTableViewController.swift; sourceTree = "<group>"; };
		D48CB9CF239718B1009D7AAA /* infoTableViewController.swift */ = {isa = PBXFileReference; lastKnownFileType = sourcecode.swift; path = infoTableViewController.swift; sourceTree = "<group>"; };
		D48CB9D1239718BF009D7AAA /* friendsTableViewController.swift */ = {isa = PBXFileReference; lastKnownFileType = sourcecode.swift; path = friendsTableViewController.swift; sourceTree = "<group>"; };
		D4B2505C2396F9A700392D85 /* gnomeCollectionViewCell.swift */ = {isa = PBXFileReference; lastKnownFileType = sourcecode.swift; path = gnomeCollectionViewCell.swift; sourceTree = "<group>"; };
		D4C2FAA523980B3600A403CC /* mainViewController.swift */ = {isa = PBXFileReference; lastKnownFileType = sourcecode.swift; path = mainViewController.swift; sourceTree = "<group>"; };
		D4C2FAA8239815BB00A403CC /* buttonStyleBorder.swift */ = {isa = PBXFileReference; lastKnownFileType = sourcecode.swift; path = buttonStyleBorder.swift; sourceTree = "<group>"; };
		D4C2FAAA23981C2D00A403CC /* extensionUIViewController.swift */ = {isa = PBXFileReference; lastKnownFileType = sourcecode.swift; path = extensionUIViewController.swift; sourceTree = "<group>"; };
/* End PBXFileReference section */

/* Begin PBXFrameworksBuildPhase section */
		175469002396268D001A43A9 /* Frameworks */ = {
			isa = PBXFrameworksBuildPhase;
			buildActionMask = 2147483647;
			files = (
				4F8F93E257DEAF98835AAC2F /* Pods_kavakExercise.framework in Frameworks */,
			);
			runOnlyForDeploymentPostprocessing = 0;
		};
/* End PBXFrameworksBuildPhase section */

/* Begin PBXGroup section */
		17152C5123976FAF00EAE6B7 /* customFilter */ = {
			isa = PBXGroup;
			children = (
				17152C5223976FDF00EAE6B7 /* filter.xib */,
				17152C5423976FF800EAE6B7 /* filter.swift */,
			);
			path = customFilter;
			sourceTree = "<group>";
		};
		175468FA2396268D001A43A9 = {
			isa = PBXGroup;
			children = (
				175469052396268D001A43A9 /* kavakExercise */,
				175469042396268D001A43A9 /* Products */,
				91049E66CF32B9FF43C0BC0C /* Pods */,
				469A7A8832EFCA952C616B2A /* Frameworks */,
			);
			sourceTree = "<group>";
		};
		175469042396268D001A43A9 /* Products */ = {
			isa = PBXGroup;
			children = (
				175469032396268D001A43A9 /* kavakExercise.app */,
			);
			name = Products;
			sourceTree = "<group>";
		};
		175469052396268D001A43A9 /* kavakExercise */ = {
			isa = PBXGroup;
			children = (
				D4C2FAA7239815A100A403CC /* styles */,
				D4661E122396F10E00B7502A /* views */,
				17E3F99F23963551007DF243 /* supportingFiles */,
				17E3F99C23963208007DF243 /* extension */,
				17E3F999239629D1007DF243 /* api */,
				17E3F996239628B8007DF243 /* models */,
				1754690D2396268E001A43A9 /* Assets.xcassets */,
			);
			path = kavakExercise;
			sourceTree = "<group>";
		};
		17E3F996239628B8007DF243 /* models */ = {
			isa = PBXGroup;
			children = (
				17E3F997239628E1007DF243 /* gnome.swift */,
			);
			path = models;
			sourceTree = "<group>";
		};
		17E3F999239629D1007DF243 /* api */ = {
			isa = PBXGroup;
			children = (
				17E3F99A239629E3007DF243 /* api.swift */,
				D42CC16C239737AA00A2E498 /* apiNames.swift */,
			);
			path = api;
			sourceTree = "<group>";
		};
		17E3F99C23963208007DF243 /* extension */ = {
			isa = PBXGroup;
			children = (
				17E3F99D23963216007DF243 /* extensionDictionary.swift */,
				D42CC16A2397307800A2E498 /* extensionUIView.swift */,
				D4C2FAAA23981C2D00A403CC /* extensionUIViewController.swift */,
			);
			path = extension;
			sourceTree = "<group>";
		};
		17E3F99F23963551007DF243 /* supportingFiles */ = {
			isa = PBXGroup;
			children = (
				1754690F2396268E001A43A9 /* LaunchScreen.storyboard */,
				175469062396268D001A43A9 /* AppDelegate.swift */,
				175469122396268E001A43A9 /* Info.plist */,
			);
			path = supportingFiles;
			sourceTree = "<group>";
		};
		469A7A8832EFCA952C616B2A /* Frameworks */ = {
			isa = PBXGroup;
			children = (
				578279A0FA59045B95CD71EC /* Pods_kavakExercise.framework */,
			);
			name = Frameworks;
			sourceTree = "<group>";
		};
		91049E66CF32B9FF43C0BC0C /* Pods */ = {
			isa = PBXGroup;
			children = (
				36E54F1EC1C8534CFD523064 /* Pods-kavakExercise.debug.xcconfig */,
				16E758B4FE47FC925464DC5B /* Pods-kavakExercise.release.xcconfig */,
			);
			path = Pods;
			sourceTree = "<group>";
		};
		D4661E122396F10E00B7502A /* views */ = {
			isa = PBXGroup;
			children = (
				D4C2FAA423980B2600A403CC /* main */,
				17152C5123976FAF00EAE6B7 /* customFilter */,
				D48CB9C723971048009D7AAA /* customSegmentControl */,
				D481DB0123970C250020744C /* infoGnome */,
				D481DB0023970B1D0020744C /* allGnomes */,
				1754690A2396268D001A43A9 /* Main.storyboard */,
			);
			path = views;
			sourceTree = "<group>";
		};
		D481DB0023970B1D0020744C /* allGnomes */ = {
			isa = PBXGroup;
			children = (
				D4B2505C2396F9A700392D85 /* gnomeCollectionViewCell.swift */,
				175469082396268D001A43A9 /* ViewController.swift */,
				D4661E132396F2BB00B7502A /* customLayout.swift */,
			);
			path = allGnomes;
			sourceTree = "<group>";
		};
		D481DB0123970C250020744C /* infoGnome */ = {
			isa = PBXGroup;
			children = (
				D48CB9CC2397188A009D7AAA /* professions */,
				D48CB9CB23971884009D7AAA /* info */,
				D48CB9CA23971876009D7AAA /* friends */,
				D481DB0223970C390020744C /* infoGnomeViewController.swift */,
			);
			path = infoGnome;
			sourceTree = "<group>";
		};
		D48CB9C723971048009D7AAA /* customSegmentControl */ = {
			isa = PBXGroup;
			children = (
				D48CB9C823971061009D7AAA /* segmentControl.swift */,
			);
			path = customSegmentControl;
			sourceTree = "<group>";
		};
		D48CB9CA23971876009D7AAA /* friends */ = {
			isa = PBXGroup;
			children = (
				D48CB9D1239718BF009D7AAA /* friendsTableViewController.swift */,
				D42CC17023973F4F00A2E498 /* friendsTableViewCell.swift */,
			);
			path = friends;
			sourceTree = "<group>";
		};
		D48CB9CB23971884009D7AAA /* info */ = {
			isa = PBXGroup;
			children = (
				D48CB9CF239718B1009D7AAA /* infoTableViewController.swift */,
				D42CC16E23973EBD00A2E498 /* infoTableViewCell.swift */,
			);
			path = info;
			sourceTree = "<group>";
		};
		D48CB9CC2397188A009D7AAA /* professions */ = {
			isa = PBXGroup;
			children = (
				D48CB9CD239718A5009D7AAA /* professionsTableViewController.swift */,
				D42CC16823972F8400A2E498 /* professionTableViewCell.swift */,
			);
			path = professions;
			sourceTree = "<group>";
		};
		D4C2FAA423980B2600A403CC /* main */ = {
			isa = PBXGroup;
			children = (
				D4C2FAA523980B3600A403CC /* mainViewController.swift */,
			);
			path = main;
			sourceTree = "<group>";
		};
		D4C2FAA7239815A100A403CC /* styles */ = {
			isa = PBXGroup;
			children = (
				D4C2FAA8239815BB00A403CC /* buttonStyleBorder.swift */,
			);
			path = styles;
			sourceTree = "<group>";
		};
/* End PBXGroup section */

/* Begin PBXNativeTarget section */
		175469022396268D001A43A9 /* kavakExercise */ = {
			isa = PBXNativeTarget;
			buildConfigurationList = 175469152396268E001A43A9 /* Build configuration list for PBXNativeTarget "kavakExercise" */;
			buildPhases = (
				5A3BCAEA3F25EEB20F5BB87D /* [CP] Check Pods Manifest.lock */,
				175468FF2396268D001A43A9 /* Sources */,
				175469002396268D001A43A9 /* Frameworks */,
				175469012396268D001A43A9 /* Resources */,
				1442E4EB68F2AE73AFFBF524 /* [CP] Embed Pods Frameworks */,
			);
			buildRules = (
			);
			dependencies = (
			);
			name = kavakExercise;
			productName = kavakExercise;
			productReference = 175469032396268D001A43A9 /* kavakExercise.app */;
			productType = "com.apple.product-type.application";
		};
/* End PBXNativeTarget section */

/* Begin PBXProject section */
		175468FB2396268D001A43A9 /* Project object */ = {
			isa = PBXProject;
			attributes = {
				LastSwiftUpdateCheck = 1030;
				LastUpgradeCheck = 1030;
				ORGANIZATIONNAME = "Andrés Abraham Bonilla Gómez";
				TargetAttributes = {
					175469022396268D001A43A9 = {
						CreatedOnToolsVersion = 10.3;
					};
				};
			};
			buildConfigurationList = 175468FE2396268D001A43A9 /* Build configuration list for PBXProject "kavakExercise" */;
			compatibilityVersion = "Xcode 9.3";
			developmentRegion = en;
			hasScannedForEncodings = 0;
			knownRegions = (
				en,
				Base,
			);
			mainGroup = 175468FA2396268D001A43A9;
			productRefGroup = 175469042396268D001A43A9 /* Products */;
			projectDirPath = "";
			projectRoot = "";
			targets = (
				175469022396268D001A43A9 /* kavakExercise */,
			);
		};
/* End PBXProject section */

/* Begin PBXResourcesBuildPhase section */
		175469012396268D001A43A9 /* Resources */ = {
			isa = PBXResourcesBuildPhase;
			buildActionMask = 2147483647;
			files = (
				175469112396268E001A43A9 /* LaunchScreen.storyboard in Resources */,
				17152C5323976FDF00EAE6B7 /* filter.xib in Resources */,
				1754690E2396268E001A43A9 /* Assets.xcassets in Resources */,
				1754690C2396268D001A43A9 /* Main.storyboard in Resources */,
			);
			runOnlyForDeploymentPostprocessing = 0;
		};
/* End PBXResourcesBuildPhase section */

/* Begin PBXShellScriptBuildPhase section */
		1442E4EB68F2AE73AFFBF524 /* [CP] Embed Pods Frameworks */ = {
			isa = PBXShellScriptBuildPhase;
			buildActionMask = 2147483647;
			files = (
			);
			inputFileListPaths = (
				"${PODS_ROOT}/Target Support Files/Pods-kavakExercise/Pods-kavakExercise-frameworks-${CONFIGURATION}-input-files.xcfilelist",
			);
			name = "[CP] Embed Pods Frameworks";
			outputFileListPaths = (
				"${PODS_ROOT}/Target Support Files/Pods-kavakExercise/Pods-kavakExercise-frameworks-${CONFIGURATION}-output-files.xcfilelist",
			);
			runOnlyForDeploymentPostprocessing = 0;
			shellPath = /bin/sh;
			shellScript = "\"${PODS_ROOT}/Target Support Files/Pods-kavakExercise/Pods-kavakExercise-frameworks.sh\"\n";
			showEnvVarsInLog = 0;
		};
		5A3BCAEA3F25EEB20F5BB87D /* [CP] Check Pods Manifest.lock */ = {
			isa = PBXShellScriptBuildPhase;
			buildActionMask = 2147483647;
			files = (
			);
			inputFileListPaths = (
			);
			inputPaths = (
				"${PODS_PODFILE_DIR_PATH}/Podfile.lock",
				"${PODS_ROOT}/Manifest.lock",
			);
			name = "[CP] Check Pods Manifest.lock";
			outputFileListPaths = (
			);
			outputPaths = (
				"$(DERIVED_FILE_DIR)/Pods-kavakExercise-checkManifestLockResult.txt",
			);
			runOnlyForDeploymentPostprocessing = 0;
			shellPath = /bin/sh;
			shellScript = "diff \"${PODS_PODFILE_DIR_PATH}/Podfile.lock\" \"${PODS_ROOT}/Manifest.lock\" > /dev/null\nif [ $? != 0 ] ; then\n    # print error to STDERR\n    echo \"error: The sandbox is not in sync with the Podfile.lock. Run 'pod install' or update your CocoaPods installation.\" >&2\n    exit 1\nfi\n# This output is used by Xcode 'outputs' to avoid re-running this script phase.\necho \"SUCCESS\" > \"${SCRIPT_OUTPUT_FILE_0}\"\n";
			showEnvVarsInLog = 0;
		};
/* End PBXShellScriptBuildPhase section */

/* Begin PBXSourcesBuildPhase section */
		175468FF2396268D001A43A9 /* Sources */ = {
			isa = PBXSourcesBuildPhase;
			buildActionMask = 2147483647;
			files = (
				D4B2505D2396F9A700392D85 /* gnomeCollectionViewCell.swift in Sources */,
				D42CC16F23973EBD00A2E498 /* infoTableViewCell.swift in Sources */,
				D481DB0323970C390020744C /* infoGnomeViewController.swift in Sources */,
				D42CC16D239737AA00A2E498 /* apiNames.swift in Sources */,
				D42CC16923972F8400A2E498 /* professionTableViewCell.swift in Sources */,
				D48CB9D2239718BF009D7AAA /* friendsTableViewController.swift in Sources */,
				D4661E142396F2BB00B7502A /* customLayout.swift in Sources */,
				D48CB9CE239718A5009D7AAA /* professionsTableViewController.swift in Sources */,
				D48CB9D0239718B1009D7AAA /* infoTableViewController.swift in Sources */,
				D4C2FAAB23981C2D00A403CC /* extensionUIViewController.swift in Sources */,
				D4C2FAA9239815BB00A403CC /* buttonStyleBorder.swift in Sources */,
				175469092396268D001A43A9 /* ViewController.swift in Sources */,
				17E3F99E23963216007DF243 /* extensionDictionary.swift in Sources */,
				D4C2FAA623980B3600A403CC /* mainViewController.swift in Sources */,
				17152C5523976FF800EAE6B7 /* filter.swift in Sources */,
				17E3F998239628E1007DF243 /* gnome.swift in Sources */,
				D42CC16B2397307800A2E498 /* extensionUIView.swift in Sources */,
				17E3F99B239629E3007DF243 /* api.swift in Sources */,
				175469072396268D001A43A9 /* AppDelegate.swift in Sources */,
				D48CB9C923971061009D7AAA /* segmentControl.swift in Sources */,
				D42CC17123973F4F00A2E498 /* friendsTableViewCell.swift in Sources */,
			);
			runOnlyForDeploymentPostprocessing = 0;
		};
/* End PBXSourcesBuildPhase section */

/* Begin PBXVariantGroup section */
		1754690A2396268D001A43A9 /* Main.storyboard */ = {
			isa = PBXVariantGroup;
			children = (
				1754690B2396268D001A43A9 /* Base */,
			);
			name = Main.storyboard;
			sourceTree = "<group>";
		};
		1754690F2396268E001A43A9 /* LaunchScreen.storyboard */ = {
			isa = PBXVariantGroup;
			children = (
				175469102396268E001A43A9 /* Base */,
			);
			name = LaunchScreen.storyboard;
			sourceTree = "<group>";
		};
/* End PBXVariantGroup section */

/* Begin XCBuildConfiguration section */
		175469132396268E001A43A9 /* Debug */ = {
			isa = XCBuildConfiguration;
			buildSettings = {
				ALWAYS_SEARCH_USER_PATHS = NO;
				CLANG_ANALYZER_NONNULL = YES;
				CLANG_ANALYZER_NUMBER_OBJECT_CONVERSION = YES_AGGRESSIVE;
				CLANG_CXX_LANGUAGE_STANDARD = "gnu++14";
				CLANG_CXX_LIBRARY = "libc++";
				CLANG_ENABLE_MODULES = YES;
				CLANG_ENABLE_OBJC_ARC = YES;
				CLANG_ENABLE_OBJC_WEAK = YES;
				CLANG_WARN_BLOCK_CAPTURE_AUTORELEASING = YES;
				CLANG_WARN_BOOL_CONVERSION = YES;
				CLANG_WARN_COMMA = YES;
				CLANG_WARN_CONSTANT_CONVERSION = YES;
				CLANG_WARN_DEPRECATED_OBJC_IMPLEMENTATIONS = YES;
				CLANG_WARN_DIRECT_OBJC_ISA_USAGE = YES_ERROR;
				CLANG_WARN_DOCUMENTATION_COMMENTS = YES;
				CLANG_WARN_EMPTY_BODY = YES;
				CLANG_WARN_ENUM_CONVERSION = YES;
				CLANG_WARN_INFINITE_RECURSION = YES;
				CLANG_WARN_INT_CONVERSION = YES;
				CLANG_WARN_NON_LITERAL_NULL_CONVERSION = YES;
				CLANG_WARN_OBJC_IMPLICIT_RETAIN_SELF = YES;
				CLANG_WARN_OBJC_LITERAL_CONVERSION = YES;
				CLANG_WARN_OBJC_ROOT_CLASS = YES_ERROR;
				CLANG_WARN_RANGE_LOOP_ANALYSIS = YES;
				CLANG_WARN_STRICT_PROTOTYPES = YES;
				CLANG_WARN_SUSPICIOUS_MOVE = YES;
				CLANG_WARN_UNGUARDED_AVAILABILITY = YES_AGGRESSIVE;
				CLANG_WARN_UNREACHABLE_CODE = YES;
				CLANG_WARN__DUPLICATE_METHOD_MATCH = YES;
				CODE_SIGN_IDENTITY = "iPhone Developer";
				COPY_PHASE_STRIP = NO;
				DEBUG_INFORMATION_FORMAT = dwarf;
				ENABLE_STRICT_OBJC_MSGSEND = YES;
				ENABLE_TESTABILITY = YES;
				GCC_C_LANGUAGE_STANDARD = gnu11;
				GCC_DYNAMIC_NO_PIC = NO;
				GCC_NO_COMMON_BLOCKS = YES;
				GCC_OPTIMIZATION_LEVEL = 0;
				GCC_PREPROCESSOR_DEFINITIONS = (
					"DEBUG=1",
					"$(inherited)",
				);
				GCC_WARN_64_TO_32_BIT_CONVERSION = YES;
				GCC_WARN_ABOUT_RETURN_TYPE = YES_ERROR;
				GCC_WARN_UNDECLARED_SELECTOR = YES;
				GCC_WARN_UNINITIALIZED_AUTOS = YES_AGGRESSIVE;
				GCC_WARN_UNUSED_FUNCTION = YES;
				GCC_WARN_UNUSED_VARIABLE = YES;
				IPHONEOS_DEPLOYMENT_TARGET = 12.4;
				MTL_ENABLE_DEBUG_INFO = INCLUDE_SOURCE;
				MTL_FAST_MATH = YES;
				ONLY_ACTIVE_ARCH = YES;
				SDKROOT = iphoneos;
				SWIFT_ACTIVE_COMPILATION_CONDITIONS = DEBUG;
				SWIFT_OPTIMIZATION_LEVEL = "-Onone";
			};
			name = Debug;
		};
		175469142396268E001A43A9 /* Release */ = {
			isa = XCBuildConfiguration;
			buildSettings = {
				ALWAYS_SEARCH_USER_PATHS = NO;
				CLANG_ANALYZER_NONNULL = YES;
				CLANG_ANALYZER_NUMBER_OBJECT_CONVERSION = YES_AGGRESSIVE;
				CLANG_CXX_LANGUAGE_STANDARD = "gnu++14";
				CLANG_CXX_LIBRARY = "libc++";
				CLANG_ENABLE_MODULES = YES;
				CLANG_ENABLE_OBJC_ARC = YES;
				CLANG_ENABLE_OBJC_WEAK = YES;
				CLANG_WARN_BLOCK_CAPTURE_AUTORELEASING = YES;
				CLANG_WARN_BOOL_CONVERSION = YES;
				CLANG_WARN_COMMA = YES;
				CLANG_WARN_CONSTANT_CONVERSION = YES;
				CLANG_WARN_DEPRECATED_OBJC_IMPLEMENTATIONS = YES;
				CLANG_WARN_DIRECT_OBJC_ISA_USAGE = YES_ERROR;
				CLANG_WARN_DOCUMENTATION_COMMENTS = YES;
				CLANG_WARN_EMPTY_BODY = YES;
				CLANG_WARN_ENUM_CONVERSION = YES;
				CLANG_WARN_INFINITE_RECURSION = YES;
				CLANG_WARN_INT_CONVERSION = YES;
				CLANG_WARN_NON_LITERAL_NULL_CONVERSION = YES;
				CLANG_WARN_OBJC_IMPLICIT_RETAIN_SELF = YES;
				CLANG_WARN_OBJC_LITERAL_CONVERSION = YES;
				CLANG_WARN_OBJC_ROOT_CLASS = YES_ERROR;
				CLANG_WARN_RANGE_LOOP_ANALYSIS = YES;
				CLANG_WARN_STRICT_PROTOTYPES = YES;
				CLANG_WARN_SUSPICIOUS_MOVE = YES;
				CLANG_WARN_UNGUARDED_AVAILABILITY = YES_AGGRESSIVE;
				CLANG_WARN_UNREACHABLE_CODE = YES;
				CLANG_WARN__DUPLICATE_METHOD_MATCH = YES;
				CODE_SIGN_IDENTITY = "iPhone Developer";
				COPY_PHASE_STRIP = NO;
				DEBUG_INFORMATION_FORMAT = "dwarf-with-dsym";
				ENABLE_NS_ASSERTIONS = NO;
				ENABLE_STRICT_OBJC_MSGSEND = YES;
				GCC_C_LANGUAGE_STANDARD = gnu11;
				GCC_NO_COMMON_BLOCKS = YES;
				GCC_WARN_64_TO_32_BIT_CONVERSION = YES;
				GCC_WARN_ABOUT_RETURN_TYPE = YES_ERROR;
				GCC_WARN_UNDECLARED_SELECTOR = YES;
				GCC_WARN_UNINITIALIZED_AUTOS = YES_AGGRESSIVE;
				GCC_WARN_UNUSED_FUNCTION = YES;
				GCC_WARN_UNUSED_VARIABLE = YES;
				IPHONEOS_DEPLOYMENT_TARGET = 12.4;
				MTL_ENABLE_DEBUG_INFO = NO;
				MTL_FAST_MATH = YES;
				SDKROOT = iphoneos;
				SWIFT_COMPILATION_MODE = wholemodule;
				SWIFT_OPTIMIZATION_LEVEL = "-O";
				VALIDATE_PRODUCT = YES;
			};
			name = Release;
		};
		175469162396268E001A43A9 /* Debug */ = {
			isa = XCBuildConfiguration;
			baseConfigurationReference = 36E54F1EC1C8534CFD523064 /* Pods-kavakExercise.debug.xcconfig */;
			buildSettings = {
				ASSETCATALOG_COMPILER_APPICON_NAME = AppIcon;
				CODE_SIGN_STYLE = Automatic;
				DEVELOPMENT_TEAM = SJAAB85D5P;
				INFOPLIST_FILE = kavakExercise/supportingFiles/Info.plist;
				LD_RUNPATH_SEARCH_PATHS = (
					"$(inherited)",
					"@executable_path/Frameworks",
				);
				PRODUCT_BUNDLE_IDENTIFIER = com.kavakExercise;
				PRODUCT_NAME = "$(TARGET_NAME)";
				SWIFT_VERSION = 5.0;
				TARGETED_DEVICE_FAMILY = 1;
			};
			name = Debug;
		};
		175469172396268E001A43A9 /* Release */ = {
			isa = XCBuildConfiguration;
			baseConfigurationReference = 16E758B4FE47FC925464DC5B /* Pods-kavakExercise.release.xcconfig */;
			buildSettings = {
				ASSETCATALOG_COMPILER_APPICON_NAME = AppIcon;
				CODE_SIGN_STYLE = Automatic;
				DEVELOPMENT_TEAM = SJAAB85D5P;
				INFOPLIST_FILE = kavakExercise/supportingFiles/Info.plist;
				LD_RUNPATH_SEARCH_PATHS = (
					"$(inherited)",
					"@executable_path/Frameworks",
				);
				PRODUCT_BUNDLE_IDENTIFIER = com.kavakExercise;
				PRODUCT_NAME = "$(TARGET_NAME)";
				SWIFT_VERSION = 5.0;
				TARGETED_DEVICE_FAMILY = 1;
			};
			name = Release;
		};
/* End XCBuildConfiguration section */

/* Begin XCConfigurationList section */
		175468FE2396268D001A43A9 /* Build configuration list for PBXProject "kavakExercise" */ = {
			isa = XCConfigurationList;
			buildConfigurations = (
				175469132396268E001A43A9 /* Debug */,
				175469142396268E001A43A9 /* Release */,
			);
			defaultConfigurationIsVisible = 0;
			defaultConfigurationName = Release;
		};
		175469152396268E001A43A9 /* Build configuration list for PBXNativeTarget "kavakExercise" */ = {
			isa = XCConfigurationList;
			buildConfigurations = (
				175469162396268E001A43A9 /* Debug */,
				175469172396268E001A43A9 /* Release */,
			);
			defaultConfigurationIsVisible = 0;
			defaultConfigurationName = Release;
		};
/* End XCConfigurationList section */
	};
	rootObject = 175468FB2396268D001A43A9 /* Project object */;
}
